
Microsoft Visual Studio Solution File, Format Version 12.00
# Visual Studio Version 17
VisualStudioVersion = 17.14.36623.8
MinimumVisualStudioVersion = 10.0.40219.1
Project("{FAE04EC0-301F-11D3-BF4B-00C04F79EFBC}") = "RMDataManagerWebApi", "RMDataManager_\RMDataManagerWebApi.csproj", "{D29A9672-C534-4A93-ACFA-ABC783390635}"
EndProject
Project("{FAE04EC0-301F-11D3-BF4B-00C04F79EFBC}") = "RMDataManagerMVC", "RMDataManager\RMDataManagerMVC.csproj", "{3F1FE5C5-6617-4998-B192-57861018E639}"
EndProject
Global
	GlobalSection(SolutionConfigurationPlatforms) = preSolution
		Debug|Any CPU = Debug|Any CPU
		Release|Any CPU = Release|Any CPU
	EndGlobalSection
	GlobalSection(ProjectConfigurationPlatforms) = postSolution
		{D29A9672-C534-4A93-ACFA-ABC783390635}.Debug|Any CPU.ActiveCfg = Debug|Any CPU
		{D29A9672-C534-4A93-ACFA-ABC783390635}.Debug|Any CPU.Build.0 = Debug|Any CPU
		{D29A9672-C534-4A93-ACFA-ABC783390635}.Release|Any CPU.ActiveCfg = Release|Any CPU
		{D29A9672-C534-4A93-ACFA-ABC783390635}.Release|Any CPU.Build.0 = Release|Any CPU
		{3F1FE5C5-6617-4998-B192-57861018E639}.Debug|Any CPU.ActiveCfg = Debug|Any CPU
		{3F1FE5C5-6617-4998-B192-57861018E639}.Debug|Any CPU.Build.0 = Debug|Any CPU
		{3F1FE5C5-6617-4998-B192-57861018E639}.Release|Any CPU.ActiveCfg = Release|Any CPU
		{3F1FE5C5-6617-4998-B192-57861018E639}.Release|Any CPU.Build.0 = Release|Any CPU
	EndGlobalSection
	GlobalSection(SolutionProperties) = preSolution
		HideSolutionNode = FALSE
	EndGlobalSection
	GlobalSection(ExtensibilityGlobals) = postSolution
		SolutionGuid = {F1F8BFC9-95DA-4321-8678-EF09FA1E70FF}
	EndGlobalSection
EndGlobal
